# This file is automatically @generated by Cargo.
# It is not intended for manual editing.
version = 4

[[package]]
name = "hiori"
version = "0.1.0"
dependencies = [
 "hiori_diagnostics",
 "hiori_lexer",
 "hiori_parser",
 "hiori_sema",
]

[[package]]
name = "hiori_diagnostics"
version = "0.1.0"

[[package]]
name = "hiori_lexer"
version = "0.1.0"
dependencies = [
 "hiori_diagnostics",
]

[[package]]
name = "hiori_parser"
version = "0.1.0"
dependencies = [
 "hiori_diagnostics",
 "hiori_lexer",
]

[[package]]
name = "hiori_sema"
version = "0.1.0"
dependencies = [
 "hiori_diagnostics",
 "hiori_lexer",
 "hiori_parser",
]
